
Microsoft Visual Studio Solution File, Format Version 12.00
# Visual Studio Version 17
VisualStudioVersion = 17.9.34616.47
MinimumVisualStudioVersion = 10.0.40219.1
Project("{FAE04EC0-301F-11D3-BF4B-00C04F79EFBC}") = "BinaryTree", "BinaryTree\BinaryTree.csproj", "{90FB8E2D-DA83-4C88-A35A-6986AEB43620}"
EndProject
Global
	GlobalSection(SolutionConfigurationPlatforms) = preSolution
		Debug|Any CPU = Debug|Any CPU
		Release|Any CPU = Release|Any CPU
	EndGlobalSection
	GlobalSection(ProjectConfigurationPlatforms) = postSolution
		{90FB8E2D-DA83-4C88-A35A-6986AEB43620}.Debug|Any CPU.ActiveCfg = Debug|Any CPU
		{90FB8E2D-DA83-4C88-A35A-6986AEB43620}.Debug|Any CPU.Build.0 = Debug|Any CPU
		{90FB8E2D-DA83-4C88-A35A-6986AEB43620}.Release|Any CPU.ActiveCfg = Release|Any CPU
		{90FB8E2D-DA83-4C88-A35A-6986AEB43620}.Release|Any CPU.Build.0 = Release|Any CPU
	EndGlobalSection
	GlobalSection(SolutionProperties) = preSolution
		HideSolutionNode = FALSE
	EndGlobalSection
	GlobalSection(ExtensibilityGlobals) = postSolution
		SolutionGuid = {102609C8-3C4F-474A-98F4-55901014DF3B}
	EndGlobalSection
EndGlobal
